{
  "version": 4,
  "terraform_version": "1.1.5",
  "serial": 71,
  "lineage": "cf56b91a-cb54-92b0-0914-400bc1dbb4f0",
  "outputs": {
    "external_ip_address_node01_yandex_cloud": {
      "value": "178.154.223.228",
      "type": "string"
    },
    "external_ip_address_node02_yandex_cloud": {
      "value": "84.201.172.216",
      "type": "string"
    },
    "internal_ip_address_node01_yandex_cloud": {
      "value": "192.168.101.20",
      "type": "string"
    },
    "internal_ip_address_node02_yandex_cloud": {
      "value": "192.168.101.32",
      "type": "string"
    }
  },
  "resources": [
    {
      "mode": "managed",
      "type": "yandex_compute_instance",
      "name": "node01",
      "provider": "provider[\"registry.terraform.io/yandex-cloud/yandex\"]",
      "instances": [
        {
          "schema_version": 1,
          "attributes": {
            "allow_stopping_for_update": true,
            "boot_disk": [
              {
                "auto_delete": true,
                "device_name": "fhmu6armt9qi10ce6gl2",
                "disk_id": "fhmu6armt9qi10ce6gl2",
                "initialize_params": [
                  {
                    "block_size": 4096,
                    "description": "",
                    "image_id": "fd8iku2aoq13kquimb3g",
                    "name": "root-node01",
                    "size": 50,
                    "snapshot_id": "",
                    "type": "network-ssd"
                  }
                ],
                "mode": "READ_WRITE"
              }
            ],
            "created_at": "2022-02-17T12:28:01Z",
            "description": "",
            "folder_id": "b1gu1oe1m0qlnkj61u6a",
            "fqdn": "node01.netology.cloud",
            "hostname": "node01",
            "id": "fhmgnrfuie761bnn6f42",
            "labels": null,
            "metadata": {
              "ssh-keys": "centos:ssh-rsa AAAAB3NzaC1yc2EAAAADAQABAAABgQDkFE0pn2HtcYmQmLZCUacRLa+RwCDDq8BoEHBQCoR9SLsSYAAD+FF3LY+MN/3oxZBsenMsS04eulnJF8Zs+pzoAu99GK+vq9Uy789KrS3IgwblkDGYJy01JX02ueps7FDUaUoFHhZKb7OeIa292qG0MEWs4DRiblgRrV5j/hQ0F42CVuEDi7XL0T6hjIA0sHYdbS0Vs/D7GG+NBwkFH0JaSO/6iJqDkFGroQy2+Jod+bMaxBAn3e0CLiSdPcbsWxDHj26DHsELdZYW31IX59r8tFnmoGZRow7BQLA988gm3tOaQ8WLVwmewgAJfYeA+WLEuKEI0RqKN7eP/lt3ye6rJH6UZoDBjtfP45kKTtKiHw4FL2sGJVpjClcB8dhhAYAsvYUMM5+rAakselosmV4zyrmIqwkBU/xzPXyB5dDd4W7yP1JHhkKnTWjCXdvJO3/oiaUUXwYZ8g1msY8duNFG0uz9C4aDo3i1oTFKSMN966NG/y5raAr1ur3Kl3144zc= roman@DME-UBUNTU\n"
            },
            "name": "node01",
            "network_acceleration_type": "standard",
            "network_interface": [
              {
                "dns_record": [],
                "index": 0,
                "ip_address": "192.168.101.20",
                "ipv4": true,
                "ipv6": false,
                "ipv6_address": "",
                "ipv6_dns_record": [],
                "mac_address": "d0:0d:10:be:df:e9",
                "nat": true,
                "nat_dns_record": [],
                "nat_ip_address": "178.154.223.228",
                "nat_ip_version": "IPV4",
                "security_group_ids": [],
                "subnet_id": "e9bcq69tio428tn2p5cn"
              }
            ],
            "placement_policy": [
              {
                "placement_group_id": ""
              }
            ],
            "platform_id": "standard-v1",
            "resources": [
              {
                "core_fraction": 100,
                "cores": 8,
                "gpus": 0,
                "memory": 8
              }
            ],
            "scheduling_policy": [
              {
                "preemptible": false
              }
            ],
            "secondary_disk": [],
            "service_account_id": "",
            "status": "running",
            "timeouts": null,
            "zone": "ru-central1-a"
          },
          "sensitive_attributes": [],
          "private": "eyJlMmJmYjczMC1lY2FhLTExZTYtOGY4OC0zNDM2M2JjN2M0YzAiOnsiY3JlYXRlIjozMDAwMDAwMDAwMDAsImRlbGV0ZSI6MzAwMDAwMDAwMDAwLCJ1cGRhdGUiOjMwMDAwMDAwMDAwMH0sInNjaGVtYV92ZXJzaW9uIjoiMSJ9",
          "dependencies": [
            "yandex_vpc_network.default",
            "yandex_vpc_subnet.default"
          ]
        }
      ]
    },
    {
      "mode": "managed",
      "type": "yandex_compute_instance",
      "name": "node02",
      "provider": "provider[\"registry.terraform.io/yandex-cloud/yandex\"]",
      "instances": [
        {
          "schema_version": 1,
          "attributes": {
            "allow_stopping_for_update": true,
            "boot_disk": [
              {
                "auto_delete": true,
                "device_name": "fhma811jnqk3nfhipavp",
                "disk_id": "fhma811jnqk3nfhipavp",
                "initialize_params": [
                  {
                    "block_size": 4096,
                    "description": "",
                    "image_id": "fd8iku2aoq13kquimb3g",
                    "name": "root-node02",
                    "size": 50,
                    "snapshot_id": "",
                    "type": "network-ssd"
                  }
                ],
                "mode": "READ_WRITE"
              }
            ],
            "created_at": "2022-02-17T12:28:01Z",
            "description": "",
            "folder_id": "b1gu1oe1m0qlnkj61u6a",
            "fqdn": "node02.netology.cloud",
            "hostname": "node02",
            "id": "fhm46d89o1sqrjl0lfsr",
            "labels": null,
            "metadata": {
              "ssh-keys": "centos:ssh-rsa AAAAB3NzaC1yc2EAAAADAQABAAABgQDkFE0pn2HtcYmQmLZCUacRLa+RwCDDq8BoEHBQCoR9SLsSYAAD+FF3LY+MN/3oxZBsenMsS04eulnJF8Zs+pzoAu99GK+vq9Uy789KrS3IgwblkDGYJy01JX02ueps7FDUaUoFHhZKb7OeIa292qG0MEWs4DRiblgRrV5j/hQ0F42CVuEDi7XL0T6hjIA0sHYdbS0Vs/D7GG+NBwkFH0JaSO/6iJqDkFGroQy2+Jod+bMaxBAn3e0CLiSdPcbsWxDHj26DHsELdZYW31IX59r8tFnmoGZRow7BQLA988gm3tOaQ8WLVwmewgAJfYeA+WLEuKEI0RqKN7eP/lt3ye6rJH6UZoDBjtfP45kKTtKiHw4FL2sGJVpjClcB8dhhAYAsvYUMM5+rAakselosmV4zyrmIqwkBU/xzPXyB5dDd4W7yP1JHhkKnTWjCXdvJO3/oiaUUXwYZ8g1msY8duNFG0uz9C4aDo3i1oTFKSMN966NG/y5raAr1ur3Kl3144zc= roman@DME-UBUNTU\n"
            },
            "name": "node02",
            "network_acceleration_type": "standard",
            "network_interface": [
              {
                "dns_record": [],
                "index": 0,
                "ip_address": "192.168.101.32",
                "ipv4": true,
                "ipv6": false,
                "ipv6_address": "",
                "ipv6_dns_record": [],
                "mac_address": "d0:0d:43:35:09:c0",
                "nat": true,
                "nat_dns_record": [],
                "nat_ip_address": "84.201.172.216",
                "nat_ip_version": "IPV4",
                "security_group_ids": [],
                "subnet_id": "e9bcq69tio428tn2p5cn"
              }
            ],
            "placement_policy": [
              {
                "placement_group_id": ""
              }
            ],
            "platform_id": "standard-v1",
            "resources": [
              {
                "core_fraction": 100,
                "cores": 8,
                "gpus": 0,
                "memory": 8
              }
            ],
            "scheduling_policy": [
              {
                "preemptible": false
              }
            ],
            "secondary_disk": [],
            "service_account_id": "",
            "status": "running",
            "timeouts": null,
            "zone": "ru-central1-a"
          },
          "sensitive_attributes": [],
          "private": "eyJlMmJmYjczMC1lY2FhLTExZTYtOGY4OC0zNDM2M2JjN2M0YzAiOnsiY3JlYXRlIjozMDAwMDAwMDAwMDAsImRlbGV0ZSI6MzAwMDAwMDAwMDAwLCJ1cGRhdGUiOjMwMDAwMDAwMDAwMH0sInNjaGVtYV92ZXJzaW9uIjoiMSJ9",
          "dependencies": [
            "yandex_vpc_network.default",
            "yandex_vpc_subnet.default"
          ]
        }
      ]
    },
    {
      "mode": "managed",
      "type": "yandex_vpc_network",
      "name": "default",
      "provider": "provider[\"registry.terraform.io/yandex-cloud/yandex\"]",
      "instances": [
        {
          "schema_version": 0,
          "attributes": {
            "created_at": "2022-02-17T12:27:59Z",
            "default_security_group_id": "",
            "description": "",
            "folder_id": "b1gu1oe1m0qlnkj61u6a",
            "id": "enp91r4iiimp8oucqsr1",
            "labels": {},
            "name": "net",
            "subnet_ids": [],
            "timeouts": null
          },
          "sensitive_attributes": [],
          "private": "eyJlMmJmYjczMC1lY2FhLTExZTYtOGY4OC0zNDM2M2JjN2M0YzAiOnsiY3JlYXRlIjo2MDAwMDAwMDAwMCwiZGVsZXRlIjo2MDAwMDAwMDAwMCwidXBkYXRlIjo2MDAwMDAwMDAwMH19"
        }
      ]
    },
    {
      "mode": "managed",
      "type": "yandex_vpc_subnet",
      "name": "default",
      "provider": "provider[\"registry.terraform.io/yandex-cloud/yandex\"]",
      "instances": [
        {
          "schema_version": 0,
          "attributes": {
            "created_at": "2022-02-17T12:28:00Z",
            "description": "",
            "dhcp_options": [],
            "folder_id": "b1gu1oe1m0qlnkj61u6a",
            "id": "e9bcq69tio428tn2p5cn",
            "labels": {},
            "name": "subnet",
            "network_id": "enp91r4iiimp8oucqsr1",
            "route_table_id": "",
            "timeouts": null,
            "v4_cidr_blocks": [
              "192.168.101.0/24"
            ],
            "v6_cidr_blocks": [],
            "zone": "ru-central1-a"
          },
          "sensitive_attributes": [],
          "private": "eyJlMmJmYjczMC1lY2FhLTExZTYtOGY4OC0zNDM2M2JjN2M0YzAiOnsiY3JlYXRlIjoxODAwMDAwMDAwMDAsImRlbGV0ZSI6MTgwMDAwMDAwMDAwLCJ1cGRhdGUiOjE4MDAwMDAwMDAwMH19",
          "dependencies": [
            "yandex_vpc_network.default"
          ]
        }
      ]
    }
  ]
}
