{
  "version": 4,
  "terraform_version": "1.1.6",
  "serial": 16,
  "lineage": "bf78e93a-3a49-830e-1700-5b8449b09536",
  "outputs": {
    "external_ip_address_node01": {
      "value": "178.154.207.77",
      "type": "string"
    },
    "external_ip_address_node02": {
      "value": "178.154.203.37",
      "type": "string"
    },
    "external_ip_address_node03": {
      "value": "178.154.206.140",
      "type": "string"
    },
    "external_ip_address_node04": {
      "value": "178.154.203.246",
      "type": "string"
    },
    "external_ip_address_node05": {
      "value": "178.154.201.226",
      "type": "string"
    },
    "external_ip_address_node06": {
      "value": "178.154.202.225",
      "type": "string"
    },
    "internal_ip_address_node01": {
      "value": "192.168.101.11",
      "type": "string"
    },
    "internal_ip_address_node02": {
      "value": "192.168.101.12",
      "type": "string"
    },
    "internal_ip_address_node03": {
      "value": "192.168.101.13",
      "type": "string"
    },
    "internal_ip_address_node04": {
      "value": "192.168.101.14",
      "type": "string"
    },
    "internal_ip_address_node05": {
      "value": "192.168.101.15",
      "type": "string"
    },
    "internal_ip_address_node06": {
      "value": "192.168.101.16",
      "type": "string"
    }
  },
  "resources": [
    {
      "mode": "managed",
      "type": "local_file",
      "name": "inventory",
      "provider": "provider[\"registry.terraform.io/hashicorp/local\"]",
      "instances": [
        {
          "schema_version": 0,
          "attributes": {
            "content": "# Ansible inventory containing variable values from Terraform.\n# Generated by Terraform.\n\n[nodes:children]\nmanagers\nworkers\n\n[managers:children]\nactive\nstandby\n\n[active]\nnode01.netology.yc ansible_host=178.154.207.77\n\n[standby]\nnode02.netology.yc ansible_host=178.154.203.37\nnode03.netology.yc ansible_host=178.154.206.140\n\n[workers]\nnode04.netology.yc ansible_host=178.154.203.246\nnode05.netology.yc ansible_host=178.154.201.226\nnode06.netology.yc ansible_host=178.154.202.225\n",
            "content_base64": null,
            "directory_permission": "0777",
            "file_permission": "0777",
            "filename": "../ansible/inventory",
            "id": "331913bd7254b104a9b955f2d7b9d8de31ad2ac6",
            "sensitive_content": null,
            "source": null
          },
          "sensitive_attributes": [],
          "private": "bnVsbA==",
          "dependencies": [
            "yandex_compute_instance.node01",
            "yandex_compute_instance.node02",
            "yandex_compute_instance.node03",
            "yandex_compute_instance.node04",
            "yandex_compute_instance.node05",
            "yandex_compute_instance.node06",
            "yandex_vpc_network.default",
            "yandex_vpc_subnet.default"
          ]
        }
      ]
    },
    {
      "mode": "managed",
      "type": "null_resource",
      "name": "cluster",
      "provider": "provider[\"registry.terraform.io/hashicorp/null\"]",
      "instances": [
        {
          "schema_version": 0,
          "attributes": {
            "id": "8531376753146203565",
            "triggers": null
          },
          "sensitive_attributes": [],
          "private": "bnVsbA==",
          "dependencies": [
            "local_file.inventory",
            "null_resource.wait",
            "yandex_compute_instance.node01",
            "yandex_compute_instance.node02",
            "yandex_compute_instance.node03",
            "yandex_compute_instance.node04",
            "yandex_compute_instance.node05",
            "yandex_compute_instance.node06",
            "yandex_vpc_network.default",
            "yandex_vpc_subnet.default"
          ]
        }
      ]
    },
    {
      "mode": "managed",
      "type": "null_resource",
      "name": "monitoring",
      "provider": "provider[\"registry.terraform.io/hashicorp/null\"]",
      "instances": [
        {
          "schema_version": 0,
          "attributes": {
            "id": "6646679805609592622",
            "triggers": null
          },
          "sensitive_attributes": [],
          "private": "bnVsbA==",
          "dependencies": [
            "local_file.inventory",
            "null_resource.cluster",
            "null_resource.sync",
            "null_resource.wait",
            "yandex_compute_instance.node01",
            "yandex_compute_instance.node02",
            "yandex_compute_instance.node03",
            "yandex_compute_instance.node04",
            "yandex_compute_instance.node05",
            "yandex_compute_instance.node06",
            "yandex_vpc_network.default",
            "yandex_vpc_subnet.default"
          ]
        }
      ]
    },
    {
      "mode": "managed",
      "type": "null_resource",
      "name": "sync",
      "provider": "provider[\"registry.terraform.io/hashicorp/null\"]",
      "instances": [
        {
          "schema_version": 0,
          "attributes": {
            "id": "7428875645384987775",
            "triggers": null
          },
          "sensitive_attributes": [],
          "private": "bnVsbA==",
          "dependencies": [
            "local_file.inventory",
            "null_resource.cluster",
            "null_resource.wait",
            "yandex_compute_instance.node01",
            "yandex_compute_instance.node02",
            "yandex_compute_instance.node03",
            "yandex_compute_instance.node04",
            "yandex_compute_instance.node05",
            "yandex_compute_instance.node06",
            "yandex_vpc_network.default",
            "yandex_vpc_subnet.default"
          ]
        }
      ]
    },
    {
      "mode": "managed",
      "type": "null_resource",
      "name": "wait",
      "provider": "provider[\"registry.terraform.io/hashicorp/null\"]",
      "instances": [
        {
          "schema_version": 0,
          "attributes": {
            "id": "1268181112177482393",
            "triggers": null
          },
          "sensitive_attributes": [],
          "private": "bnVsbA==",
          "dependencies": [
            "local_file.inventory",
            "yandex_compute_instance.node01",
            "yandex_compute_instance.node02",
            "yandex_compute_instance.node03",
            "yandex_compute_instance.node04",
            "yandex_compute_instance.node05",
            "yandex_compute_instance.node06",
            "yandex_vpc_network.default",
            "yandex_vpc_subnet.default"
          ]
        }
      ]
    },
    {
      "mode": "managed",
      "type": "yandex_compute_instance",
      "name": "node01",
      "provider": "provider[\"registry.terraform.io/yandex-cloud/yandex\"]",
      "instances": [
        {
          "schema_version": 1,
          "attributes": {
            "allow_stopping_for_update": true,
            "boot_disk": [
              {
                "auto_delete": true,
                "device_name": "fhmmb71td85711bv52jh",
                "disk_id": "fhmmb71td85711bv52jh",
                "initialize_params": [
                  {
                    "block_size": 4096,
                    "description": "",
                    "image_id": "fd89cm1rl22bjlk7nuie",
                    "name": "root-node01",
                    "size": 10,
                    "snapshot_id": "",
                    "type": "network-ssd"
                  }
                ],
                "mode": "READ_WRITE"
              }
            ],
            "created_at": "2022-02-21T08:33:04Z",
            "description": "",
            "folder_id": "b1gu1oe1m0qlnkj61u6a",
            "fqdn": "node01.netology.yc",
            "hostname": "node01",
            "id": "fhm43dvd46r0codl5aj3",
            "labels": null,
            "metadata": {
              "ssh-keys": "centos:ssh-rsa AAAAB3NzaC1yc2EAAAADAQABAAABgQDkFE0pn2HtcYmQmLZCUacRLa+RwCDDq8BoEHBQCoR9SLsSYAAD+FF3LY+MN/3oxZBsenMsS04eulnJF8Zs+pzoAu99GK+vq9Uy789KrS3IgwblkDGYJy01JX02ueps7FDUaUoFHhZKb7OeIa292qG0MEWs4DRiblgRrV5j/hQ0F42CVuEDi7XL0T6hjIA0sHYdbS0Vs/D7GG+NBwkFH0JaSO/6iJqDkFGroQy2+Jod+bMaxBAn3e0CLiSdPcbsWxDHj26DHsELdZYW31IX59r8tFnmoGZRow7BQLA988gm3tOaQ8WLVwmewgAJfYeA+WLEuKEI0RqKN7eP/lt3ye6rJH6UZoDBjtfP45kKTtKiHw4FL2sGJVpjClcB8dhhAYAsvYUMM5+rAakselosmV4zyrmIqwkBU/xzPXyB5dDd4W7yP1JHhkKnTWjCXdvJO3/oiaUUXwYZ8g1msY8duNFG0uz9C4aDo3i1oTFKSMN966NG/y5raAr1ur3Kl3144zc= roman@DME-UBUNTU\n"
            },
            "name": "node01",
            "network_acceleration_type": "standard",
            "network_interface": [
              {
                "dns_record": [],
                "index": 0,
                "ip_address": "192.168.101.11",
                "ipv4": true,
                "ipv6": false,
                "ipv6_address": "",
                "ipv6_dns_record": [],
                "mac_address": "d0:0d:41:b7:ed:21",
                "nat": true,
                "nat_dns_record": [],
                "nat_ip_address": "178.154.207.77",
                "nat_ip_version": "IPV4",
                "security_group_ids": [],
                "subnet_id": "e9baa0ms1a1g2gus44ja"
              }
            ],
            "placement_policy": [
              {
                "placement_group_id": ""
              }
            ],
            "platform_id": "standard-v1",
            "resources": [
              {
                "core_fraction": 100,
                "cores": 4,
                "gpus": 0,
                "memory": 8
              }
            ],
            "scheduling_policy": [
              {
                "preemptible": false
              }
            ],
            "secondary_disk": [],
            "service_account_id": "",
            "status": "running",
            "timeouts": null,
            "zone": "ru-central1-a"
          },
          "sensitive_attributes": [],
          "private": "eyJlMmJmYjczMC1lY2FhLTExZTYtOGY4OC0zNDM2M2JjN2M0YzAiOnsiY3JlYXRlIjozMDAwMDAwMDAwMDAsImRlbGV0ZSI6MzAwMDAwMDAwMDAwLCJ1cGRhdGUiOjMwMDAwMDAwMDAwMH0sInNjaGVtYV92ZXJzaW9uIjoiMSJ9",
          "dependencies": [
            "yandex_vpc_network.default",
            "yandex_vpc_subnet.default"
          ]
        }
      ]
    },
    {
      "mode": "managed",
      "type": "yandex_compute_instance",
      "name": "node02",
      "provider": "provider[\"registry.terraform.io/yandex-cloud/yandex\"]",
      "instances": [
        {
          "schema_version": 1,
          "attributes": {
            "allow_stopping_for_update": true,
            "boot_disk": [
              {
                "auto_delete": true,
                "device_name": "fhmkcs1jk26lkv77kfpq",
                "disk_id": "fhmkcs1jk26lkv77kfpq",
                "initialize_params": [
                  {
                    "block_size": 4096,
                    "description": "",
                    "image_id": "fd89cm1rl22bjlk7nuie",
                    "name": "root-node02",
                    "size": 10,
                    "snapshot_id": "",
                    "type": "network-ssd"
                  }
                ],
                "mode": "READ_WRITE"
              }
            ],
            "created_at": "2022-02-21T08:33:04Z",
            "description": "",
            "folder_id": "b1gu1oe1m0qlnkj61u6a",
            "fqdn": "node02.netology.yc",
            "hostname": "node02",
            "id": "fhmrrn3pogis1opr514a",
            "labels": null,
            "metadata": {
              "ssh-keys": "centos:ssh-rsa AAAAB3NzaC1yc2EAAAADAQABAAABgQDkFE0pn2HtcYmQmLZCUacRLa+RwCDDq8BoEHBQCoR9SLsSYAAD+FF3LY+MN/3oxZBsenMsS04eulnJF8Zs+pzoAu99GK+vq9Uy789KrS3IgwblkDGYJy01JX02ueps7FDUaUoFHhZKb7OeIa292qG0MEWs4DRiblgRrV5j/hQ0F42CVuEDi7XL0T6hjIA0sHYdbS0Vs/D7GG+NBwkFH0JaSO/6iJqDkFGroQy2+Jod+bMaxBAn3e0CLiSdPcbsWxDHj26DHsELdZYW31IX59r8tFnmoGZRow7BQLA988gm3tOaQ8WLVwmewgAJfYeA+WLEuKEI0RqKN7eP/lt3ye6rJH6UZoDBjtfP45kKTtKiHw4FL2sGJVpjClcB8dhhAYAsvYUMM5+rAakselosmV4zyrmIqwkBU/xzPXyB5dDd4W7yP1JHhkKnTWjCXdvJO3/oiaUUXwYZ8g1msY8duNFG0uz9C4aDo3i1oTFKSMN966NG/y5raAr1ur3Kl3144zc= roman@DME-UBUNTU\n"
            },
            "name": "node02",
            "network_acceleration_type": "standard",
            "network_interface": [
              {
                "dns_record": [],
                "index": 0,
                "ip_address": "192.168.101.12",
                "ipv4": true,
                "ipv6": false,
                "ipv6_address": "",
                "ipv6_dns_record": [],
                "mac_address": "d0:0d:1b:dd:c7:9c",
                "nat": true,
                "nat_dns_record": [],
                "nat_ip_address": "178.154.203.37",
                "nat_ip_version": "IPV4",
                "security_group_ids": [],
                "subnet_id": "e9baa0ms1a1g2gus44ja"
              }
            ],
            "placement_policy": [
              {
                "placement_group_id": ""
              }
            ],
            "platform_id": "standard-v1",
            "resources": [
              {
                "core_fraction": 100,
                "cores": 4,
                "gpus": 0,
                "memory": 8
              }
            ],
            "scheduling_policy": [
              {
                "preemptible": false
              }
            ],
            "secondary_disk": [],
            "service_account_id": "",
            "status": "running",
            "timeouts": null,
            "zone": "ru-central1-a"
          },
          "sensitive_attributes": [],
          "private": "eyJlMmJmYjczMC1lY2FhLTExZTYtOGY4OC0zNDM2M2JjN2M0YzAiOnsiY3JlYXRlIjozMDAwMDAwMDAwMDAsImRlbGV0ZSI6MzAwMDAwMDAwMDAwLCJ1cGRhdGUiOjMwMDAwMDAwMDAwMH0sInNjaGVtYV92ZXJzaW9uIjoiMSJ9",
          "dependencies": [
            "yandex_vpc_network.default",
            "yandex_vpc_subnet.default"
          ]
        }
      ]
    },
    {
      "mode": "managed",
      "type": "yandex_compute_instance",
      "name": "node03",
      "provider": "provider[\"registry.terraform.io/yandex-cloud/yandex\"]",
      "instances": [
        {
          "schema_version": 1,
          "attributes": {
            "allow_stopping_for_update": true,
            "boot_disk": [
              {
                "auto_delete": true,
                "device_name": "fhmpf93t6sao72pa2i8i",
                "disk_id": "fhmpf93t6sao72pa2i8i",
                "initialize_params": [
                  {
                    "block_size": 4096,
                    "description": "",
                    "image_id": "fd89cm1rl22bjlk7nuie",
                    "name": "root-node03",
                    "size": 10,
                    "snapshot_id": "",
                    "type": "network-ssd"
                  }
                ],
                "mode": "READ_WRITE"
              }
            ],
            "created_at": "2022-02-21T08:33:04Z",
            "description": "",
            "folder_id": "b1gu1oe1m0qlnkj61u6a",
            "fqdn": "node03.netology.yc",
            "hostname": "node03",
            "id": "fhmubm2qtkhdb5cs8s5i",
            "labels": null,
            "metadata": {
              "ssh-keys": "centos:ssh-rsa AAAAB3NzaC1yc2EAAAADAQABAAABgQDkFE0pn2HtcYmQmLZCUacRLa+RwCDDq8BoEHBQCoR9SLsSYAAD+FF3LY+MN/3oxZBsenMsS04eulnJF8Zs+pzoAu99GK+vq9Uy789KrS3IgwblkDGYJy01JX02ueps7FDUaUoFHhZKb7OeIa292qG0MEWs4DRiblgRrV5j/hQ0F42CVuEDi7XL0T6hjIA0sHYdbS0Vs/D7GG+NBwkFH0JaSO/6iJqDkFGroQy2+Jod+bMaxBAn3e0CLiSdPcbsWxDHj26DHsELdZYW31IX59r8tFnmoGZRow7BQLA988gm3tOaQ8WLVwmewgAJfYeA+WLEuKEI0RqKN7eP/lt3ye6rJH6UZoDBjtfP45kKTtKiHw4FL2sGJVpjClcB8dhhAYAsvYUMM5+rAakselosmV4zyrmIqwkBU/xzPXyB5dDd4W7yP1JHhkKnTWjCXdvJO3/oiaUUXwYZ8g1msY8duNFG0uz9C4aDo3i1oTFKSMN966NG/y5raAr1ur3Kl3144zc= roman@DME-UBUNTU\n"
            },
            "name": "node03",
            "network_acceleration_type": "standard",
            "network_interface": [
              {
                "dns_record": [],
                "index": 0,
                "ip_address": "192.168.101.13",
                "ipv4": true,
                "ipv6": false,
                "ipv6_address": "",
                "ipv6_dns_record": [],
                "mac_address": "d0:0d:1e:5d:85:ae",
                "nat": true,
                "nat_dns_record": [],
                "nat_ip_address": "178.154.206.140",
                "nat_ip_version": "IPV4",
                "security_group_ids": [],
                "subnet_id": "e9baa0ms1a1g2gus44ja"
              }
            ],
            "placement_policy": [
              {
                "placement_group_id": ""
              }
            ],
            "platform_id": "standard-v1",
            "resources": [
              {
                "core_fraction": 100,
                "cores": 4,
                "gpus": 0,
                "memory": 8
              }
            ],
            "scheduling_policy": [
              {
                "preemptible": false
              }
            ],
            "secondary_disk": [],
            "service_account_id": "",
            "status": "running",
            "timeouts": null,
            "zone": "ru-central1-a"
          },
          "sensitive_attributes": [],
          "private": "eyJlMmJmYjczMC1lY2FhLTExZTYtOGY4OC0zNDM2M2JjN2M0YzAiOnsiY3JlYXRlIjozMDAwMDAwMDAwMDAsImRlbGV0ZSI6MzAwMDAwMDAwMDAwLCJ1cGRhdGUiOjMwMDAwMDAwMDAwMH0sInNjaGVtYV92ZXJzaW9uIjoiMSJ9",
          "dependencies": [
            "yandex_vpc_network.default",
            "yandex_vpc_subnet.default"
          ]
        }
      ]
    },
    {
      "mode": "managed",
      "type": "yandex_compute_instance",
      "name": "node04",
      "provider": "provider[\"registry.terraform.io/yandex-cloud/yandex\"]",
      "instances": [
        {
          "schema_version": 1,
          "attributes": {
            "allow_stopping_for_update": true,
            "boot_disk": [
              {
                "auto_delete": true,
                "device_name": "fhmvj1r0s7hmt3sv8ld6",
                "disk_id": "fhmvj1r0s7hmt3sv8ld6",
                "initialize_params": [
                  {
                    "block_size": 4096,
                    "description": "",
                    "image_id": "fd89cm1rl22bjlk7nuie",
                    "name": "root-node04",
                    "size": 40,
                    "snapshot_id": "",
                    "type": "network-ssd"
                  }
                ],
                "mode": "READ_WRITE"
              }
            ],
            "created_at": "2022-02-21T08:33:04Z",
            "description": "",
            "folder_id": "b1gu1oe1m0qlnkj61u6a",
            "fqdn": "node04.netology.yc",
            "hostname": "node04",
            "id": "fhm80pbbh96ngh709jsu",
            "labels": null,
            "metadata": {
              "ssh-keys": "centos:ssh-rsa AAAAB3NzaC1yc2EAAAADAQABAAABgQDkFE0pn2HtcYmQmLZCUacRLa+RwCDDq8BoEHBQCoR9SLsSYAAD+FF3LY+MN/3oxZBsenMsS04eulnJF8Zs+pzoAu99GK+vq9Uy789KrS3IgwblkDGYJy01JX02ueps7FDUaUoFHhZKb7OeIa292qG0MEWs4DRiblgRrV5j/hQ0F42CVuEDi7XL0T6hjIA0sHYdbS0Vs/D7GG+NBwkFH0JaSO/6iJqDkFGroQy2+Jod+bMaxBAn3e0CLiSdPcbsWxDHj26DHsELdZYW31IX59r8tFnmoGZRow7BQLA988gm3tOaQ8WLVwmewgAJfYeA+WLEuKEI0RqKN7eP/lt3ye6rJH6UZoDBjtfP45kKTtKiHw4FL2sGJVpjClcB8dhhAYAsvYUMM5+rAakselosmV4zyrmIqwkBU/xzPXyB5dDd4W7yP1JHhkKnTWjCXdvJO3/oiaUUXwYZ8g1msY8duNFG0uz9C4aDo3i1oTFKSMN966NG/y5raAr1ur3Kl3144zc= roman@DME-UBUNTU\n"
            },
            "name": "node04",
            "network_acceleration_type": "standard",
            "network_interface": [
              {
                "dns_record": [],
                "index": 0,
                "ip_address": "192.168.101.14",
                "ipv4": true,
                "ipv6": false,
                "ipv6_address": "",
                "ipv6_dns_record": [],
                "mac_address": "d0:0d:80:65:6b:8a",
                "nat": true,
                "nat_dns_record": [],
                "nat_ip_address": "178.154.203.246",
                "nat_ip_version": "IPV4",
                "security_group_ids": [],
                "subnet_id": "e9baa0ms1a1g2gus44ja"
              }
            ],
            "placement_policy": [
              {
                "placement_group_id": ""
              }
            ],
            "platform_id": "standard-v1",
            "resources": [
              {
                "core_fraction": 100,
                "cores": 4,
                "gpus": 0,
                "memory": 8
              }
            ],
            "scheduling_policy": [
              {
                "preemptible": false
              }
            ],
            "secondary_disk": [],
            "service_account_id": "",
            "status": "running",
            "timeouts": null,
            "zone": "ru-central1-a"
          },
          "sensitive_attributes": [],
          "private": "eyJlMmJmYjczMC1lY2FhLTExZTYtOGY4OC0zNDM2M2JjN2M0YzAiOnsiY3JlYXRlIjozMDAwMDAwMDAwMDAsImRlbGV0ZSI6MzAwMDAwMDAwMDAwLCJ1cGRhdGUiOjMwMDAwMDAwMDAwMH0sInNjaGVtYV92ZXJzaW9uIjoiMSJ9",
          "dependencies": [
            "yandex_vpc_network.default",
            "yandex_vpc_subnet.default"
          ]
        }
      ]
    },
    {
      "mode": "managed",
      "type": "yandex_compute_instance",
      "name": "node05",
      "provider": "provider[\"registry.terraform.io/yandex-cloud/yandex\"]",
      "instances": [
        {
          "schema_version": 1,
          "attributes": {
            "allow_stopping_for_update": true,
            "boot_disk": [
              {
                "auto_delete": true,
                "device_name": "fhm4nqnpbb601svu1ibd",
                "disk_id": "fhm4nqnpbb601svu1ibd",
                "initialize_params": [
                  {
                    "block_size": 4096,
                    "description": "",
                    "image_id": "fd89cm1rl22bjlk7nuie",
                    "name": "root-node05",
                    "size": 40,
                    "snapshot_id": "",
                    "type": "network-ssd"
                  }
                ],
                "mode": "READ_WRITE"
              }
            ],
            "created_at": "2022-02-21T08:33:04Z",
            "description": "",
            "folder_id": "b1gu1oe1m0qlnkj61u6a",
            "fqdn": "node05.netology.yc",
            "hostname": "node05",
            "id": "fhm087rvvud1ip38cvoo",
            "labels": null,
            "metadata": {
              "ssh-keys": "centos:ssh-rsa AAAAB3NzaC1yc2EAAAADAQABAAABgQDkFE0pn2HtcYmQmLZCUacRLa+RwCDDq8BoEHBQCoR9SLsSYAAD+FF3LY+MN/3oxZBsenMsS04eulnJF8Zs+pzoAu99GK+vq9Uy789KrS3IgwblkDGYJy01JX02ueps7FDUaUoFHhZKb7OeIa292qG0MEWs4DRiblgRrV5j/hQ0F42CVuEDi7XL0T6hjIA0sHYdbS0Vs/D7GG+NBwkFH0JaSO/6iJqDkFGroQy2+Jod+bMaxBAn3e0CLiSdPcbsWxDHj26DHsELdZYW31IX59r8tFnmoGZRow7BQLA988gm3tOaQ8WLVwmewgAJfYeA+WLEuKEI0RqKN7eP/lt3ye6rJH6UZoDBjtfP45kKTtKiHw4FL2sGJVpjClcB8dhhAYAsvYUMM5+rAakselosmV4zyrmIqwkBU/xzPXyB5dDd4W7yP1JHhkKnTWjCXdvJO3/oiaUUXwYZ8g1msY8duNFG0uz9C4aDo3i1oTFKSMN966NG/y5raAr1ur3Kl3144zc= roman@DME-UBUNTU\n"
            },
            "name": "node05",
            "network_acceleration_type": "standard",
            "network_interface": [
              {
                "dns_record": [],
                "index": 0,
                "ip_address": "192.168.101.15",
                "ipv4": true,
                "ipv6": false,
                "ipv6_address": "",
                "ipv6_dns_record": [],
                "mac_address": "d0:0d:41:f7:ff:f9",
                "nat": true,
                "nat_dns_record": [],
                "nat_ip_address": "178.154.201.226",
                "nat_ip_version": "IPV4",
                "security_group_ids": [],
                "subnet_id": "e9baa0ms1a1g2gus44ja"
              }
            ],
            "placement_policy": [
              {
                "placement_group_id": ""
              }
            ],
            "platform_id": "standard-v1",
            "resources": [
              {
                "core_fraction": 100,
                "cores": 4,
                "gpus": 0,
                "memory": 8
              }
            ],
            "scheduling_policy": [
              {
                "preemptible": false
              }
            ],
            "secondary_disk": [],
            "service_account_id": "",
            "status": "running",
            "timeouts": null,
            "zone": "ru-central1-a"
          },
          "sensitive_attributes": [],
          "private": "eyJlMmJmYjczMC1lY2FhLTExZTYtOGY4OC0zNDM2M2JjN2M0YzAiOnsiY3JlYXRlIjozMDAwMDAwMDAwMDAsImRlbGV0ZSI6MzAwMDAwMDAwMDAwLCJ1cGRhdGUiOjMwMDAwMDAwMDAwMH0sInNjaGVtYV92ZXJzaW9uIjoiMSJ9",
          "dependencies": [
            "yandex_vpc_network.default",
            "yandex_vpc_subnet.default"
          ]
        }
      ]
    },
    {
      "mode": "managed",
      "type": "yandex_compute_instance",
      "name": "node06",
      "provider": "provider[\"registry.terraform.io/yandex-cloud/yandex\"]",
      "instances": [
        {
          "schema_version": 1,
          "attributes": {
            "allow_stopping_for_update": true,
            "boot_disk": [
              {
                "auto_delete": true,
                "device_name": "fhm72nrbn37ddha4i3ia",
                "disk_id": "fhm72nrbn37ddha4i3ia",
                "initialize_params": [
                  {
                    "block_size": 4096,
                    "description": "",
                    "image_id": "fd89cm1rl22bjlk7nuie",
                    "name": "root-node06",
                    "size": 40,
                    "snapshot_id": "",
                    "type": "network-ssd"
                  }
                ],
                "mode": "READ_WRITE"
              }
            ],
            "created_at": "2022-02-21T08:33:04Z",
            "description": "",
            "folder_id": "b1gu1oe1m0qlnkj61u6a",
            "fqdn": "node06.netology.yc",
            "hostname": "node06",
            "id": "fhm9foggb0q26hagm3ou",
            "labels": null,
            "metadata": {
              "ssh-keys": "centos:ssh-rsa AAAAB3NzaC1yc2EAAAADAQABAAABgQDkFE0pn2HtcYmQmLZCUacRLa+RwCDDq8BoEHBQCoR9SLsSYAAD+FF3LY+MN/3oxZBsenMsS04eulnJF8Zs+pzoAu99GK+vq9Uy789KrS3IgwblkDGYJy01JX02ueps7FDUaUoFHhZKb7OeIa292qG0MEWs4DRiblgRrV5j/hQ0F42CVuEDi7XL0T6hjIA0sHYdbS0Vs/D7GG+NBwkFH0JaSO/6iJqDkFGroQy2+Jod+bMaxBAn3e0CLiSdPcbsWxDHj26DHsELdZYW31IX59r8tFnmoGZRow7BQLA988gm3tOaQ8WLVwmewgAJfYeA+WLEuKEI0RqKN7eP/lt3ye6rJH6UZoDBjtfP45kKTtKiHw4FL2sGJVpjClcB8dhhAYAsvYUMM5+rAakselosmV4zyrmIqwkBU/xzPXyB5dDd4W7yP1JHhkKnTWjCXdvJO3/oiaUUXwYZ8g1msY8duNFG0uz9C4aDo3i1oTFKSMN966NG/y5raAr1ur3Kl3144zc= roman@DME-UBUNTU\n"
            },
            "name": "node06",
            "network_acceleration_type": "standard",
            "network_interface": [
              {
                "dns_record": [],
                "index": 0,
                "ip_address": "192.168.101.16",
                "ipv4": true,
                "ipv6": false,
                "ipv6_address": "",
                "ipv6_dns_record": [],
                "mac_address": "d0:0d:97:e2:10:58",
                "nat": true,
                "nat_dns_record": [],
                "nat_ip_address": "178.154.202.225",
                "nat_ip_version": "IPV4",
                "security_group_ids": [],
                "subnet_id": "e9baa0ms1a1g2gus44ja"
              }
            ],
            "placement_policy": [
              {
                "placement_group_id": ""
              }
            ],
            "platform_id": "standard-v1",
            "resources": [
              {
                "core_fraction": 100,
                "cores": 4,
                "gpus": 0,
                "memory": 8
              }
            ],
            "scheduling_policy": [
              {
                "preemptible": false
              }
            ],
            "secondary_disk": [],
            "service_account_id": "",
            "status": "running",
            "timeouts": null,
            "zone": "ru-central1-a"
          },
          "sensitive_attributes": [],
          "private": "eyJlMmJmYjczMC1lY2FhLTExZTYtOGY4OC0zNDM2M2JjN2M0YzAiOnsiY3JlYXRlIjozMDAwMDAwMDAwMDAsImRlbGV0ZSI6MzAwMDAwMDAwMDAwLCJ1cGRhdGUiOjMwMDAwMDAwMDAwMH0sInNjaGVtYV92ZXJzaW9uIjoiMSJ9",
          "dependencies": [
            "yandex_vpc_network.default",
            "yandex_vpc_subnet.default"
          ]
        }
      ]
    },
    {
      "mode": "managed",
      "type": "yandex_vpc_network",
      "name": "default",
      "provider": "provider[\"registry.terraform.io/yandex-cloud/yandex\"]",
      "instances": [
        {
          "schema_version": 0,
          "attributes": {
            "created_at": "2022-02-21T08:33:02Z",
            "default_security_group_id": "",
            "description": "",
            "folder_id": "b1gu1oe1m0qlnkj61u6a",
            "id": "enpsk8do9lreg5f27tvm",
            "labels": {},
            "name": "net",
            "subnet_ids": [],
            "timeouts": null
          },
          "sensitive_attributes": [],
          "private": "eyJlMmJmYjczMC1lY2FhLTExZTYtOGY4OC0zNDM2M2JjN2M0YzAiOnsiY3JlYXRlIjo2MDAwMDAwMDAwMCwiZGVsZXRlIjo2MDAwMDAwMDAwMCwidXBkYXRlIjo2MDAwMDAwMDAwMH19"
        }
      ]
    },
    {
      "mode": "managed",
      "type": "yandex_vpc_subnet",
      "name": "default",
      "provider": "provider[\"registry.terraform.io/yandex-cloud/yandex\"]",
      "instances": [
        {
          "schema_version": 0,
          "attributes": {
            "created_at": "2022-02-21T08:33:03Z",
            "description": "",
            "dhcp_options": [],
            "folder_id": "b1gu1oe1m0qlnkj61u6a",
            "id": "e9baa0ms1a1g2gus44ja",
            "labels": {},
            "name": "subnet",
            "network_id": "enpsk8do9lreg5f27tvm",
            "route_table_id": "",
            "timeouts": null,
            "v4_cidr_blocks": [
              "192.168.101.0/24"
            ],
            "v6_cidr_blocks": [],
            "zone": "ru-central1-a"
          },
          "sensitive_attributes": [],
          "private": "eyJlMmJmYjczMC1lY2FhLTExZTYtOGY4OC0zNDM2M2JjN2M0YzAiOnsiY3JlYXRlIjoxODAwMDAwMDAwMDAsImRlbGV0ZSI6MTgwMDAwMDAwMDAwLCJ1cGRhdGUiOjE4MDAwMDAwMDAwMH19",
          "dependencies": [
            "yandex_vpc_network.default"
          ]
        }
      ]
    }
  ]
}
